{
  "name": "test_task",
  "version": "1.0.0",
  "lockfileVersion": 1,
  "requires": true,
  "dependencies": {
    "async-validator": {
      "version": "3.4.0",
      "resolved": "https://registry.npmjs.org/async-validator/-/async-validator-3.4.0.tgz",
      "integrity": "sha512-VrFk4eYiJAWKskEz115iiuCf9O0ftnMMPXrOFMqyzGH2KxO7YwncKyn/FgOOP+0MDHMfXL7gLExagCutaZGigA=="
    },
    "lodash.get": {
      "version": "4.4.2",
      "resolved": "https://registry.npmjs.org/lodash.get/-/lodash.get-4.4.2.tgz",
      "integrity": "sha1-LRd/ZS+jHpObRDjVNBSZ36OCXpk="
    },
    "lodash.merge": {
      "version": "4.6.2",
      "resolved": "https://registry.npmjs.org/lodash.merge/-/lodash.merge-4.6.2.tgz",
      "integrity": "sha512-0KpjqXRVvrYyCsX1swR/XTK0va6VQkQM6MNo7PqW77ByjAhoARA8EfrP1N4+KlKj8YS0ZUCtRT/YUuhyYDujIQ=="
    },
    "lodash.set": {
      "version": "4.3.2",
      "resolved": "https://registry.npmjs.org/lodash.set/-/lodash.set-4.3.2.tgz",
      "integrity": "sha1-2HV7HagH3eJIFrDWqEvqGnYjCyM="
    },
    "lodash.setwith": {
      "version": "4.3.2",
      "resolved": "https://registry.npmjs.org/lodash.setwith/-/lodash.setwith-4.3.2.tgz",
      "integrity": "sha1-G8wFfmLZD1prm5Rwriq52J7djm8="
    },
    "lodash.topath": {
      "version": "4.5.2",
      "resolved": "https://registry.npmjs.org/lodash.topath/-/lodash.topath-4.5.2.tgz",
      "integrity": "sha1-NhY1Hzu6YZlKCTGYlmC9AyVP0Ak="
    },
    "vue": {
      "version": "2.6.12",
      "resolved": "https://registry.npmjs.org/vue/-/vue-2.6.12.tgz",
      "integrity": "sha512-uhmLFETqPPNyuLLbsKz6ioJ4q7AZHzD8ZVFNATNyICSZouqP2Sz0rotWQC8UNBF6VGSCs5abnKJoStA6JbCbfg=="
    },
    "vue-hooks-form": {
      "version": "0.2.2",
      "resolved": "https://registry.npmjs.org/vue-hooks-form/-/vue-hooks-form-0.2.2.tgz",
      "integrity": "sha512-1k8KznS3W2pAJNkKKUz7uV0vAWRL2o2CJryqSBNeONToDDt1XQ6fGeWANfQF06BzCx0A9tJMbF65f6/k51RUqA==",
      "requires": {
        "async-validator": "^3.4.0",
        "lodash.get": "^4.4.2",
        "lodash.merge": "^4.6.2",
        "lodash.set": "^4.3.2",
        "lodash.setwith": "^4.3.2",
        "lodash.topath": "^4.5.2"
      }
    }
  }
}
